
Microsoft Visual Studio Solution File, Format Version 12.00
# Visual Studio 15
VisualStudioVersion = 15.0.28010.2036
MinimumVisualStudioVersion = 10.0.40219.1
Project("{FAE04EC0-301F-11D3-BF4B-00C04F79EFBC}") = "RemotePC", "RemotePC\RemotePC.csproj", "{F8C77F00-A0E3-4EFF-96A4-8D51D2A5B27C}"
EndProject
Project("{FAE04EC0-301F-11D3-BF4B-00C04F79EFBC}") = "RemotePCTestClient", "RemotePCTestClient\RemotePCTestClient.csproj", "{706ABE40-C585-4991-A37E-79733D8500DE}"
EndProject
Global
	GlobalSection(SolutionConfigurationPlatforms) = preSolution
		Debug|Any CPU = Debug|Any CPU
		Release|Any CPU = Release|Any CPU
	EndGlobalSection
	GlobalSection(ProjectConfigurationPlatforms) = postSolution
		{F8C77F00-A0E3-4EFF-96A4-8D51D2A5B27C}.Debug|Any CPU.ActiveCfg = Debug|Any CPU
		{F8C77F00-A0E3-4EFF-96A4-8D51D2A5B27C}.Debug|Any CPU.Build.0 = Debug|Any CPU
		{F8C77F00-A0E3-4EFF-96A4-8D51D2A5B27C}.Release|Any CPU.ActiveCfg = Release|Any CPU
		{F8C77F00-A0E3-4EFF-96A4-8D51D2A5B27C}.Release|Any CPU.Build.0 = Release|Any CPU
		{706ABE40-C585-4991-A37E-79733D8500DE}.Debug|Any CPU.ActiveCfg = Debug|Any CPU
		{706ABE40-C585-4991-A37E-79733D8500DE}.Debug|Any CPU.Build.0 = Debug|Any CPU
		{706ABE40-C585-4991-A37E-79733D8500DE}.Release|Any CPU.ActiveCfg = Release|Any CPU
		{706ABE40-C585-4991-A37E-79733D8500DE}.Release|Any CPU.Build.0 = Release|Any CPU
	EndGlobalSection
	GlobalSection(SolutionProperties) = preSolution
		HideSolutionNode = FALSE
	EndGlobalSection
	GlobalSection(ExtensibilityGlobals) = postSolution
		SolutionGuid = {28B06047-AB42-487C-9B8D-B99EF748F100}
	EndGlobalSection
EndGlobal
